
Microsoft Visual Studio Solution File, Format Version 12.00
# Visual Studio Version 16
VisualStudioVersion = 16.0.31729.503
MinimumVisualStudioVersion = 10.0.40219.1
Project("{FAE04EC0-301F-11D3-BF4B-00C04F79EFBC}") = "TesteTempoAPI", "TesteTempoAPI\TesteTempoAPI.csproj", "{DA54B6DA-9818-40CA-AFC8-29A2E752EAD4}"
EndProject
Global
	GlobalSection(SolutionConfigurationPlatforms) = preSolution
		Debug|Any CPU = Debug|Any CPU
		Release|Any CPU = Release|Any CPU
	EndGlobalSection
	GlobalSection(ProjectConfigurationPlatforms) = postSolution
		{DA54B6DA-9818-40CA-AFC8-29A2E752EAD4}.Debug|Any CPU.ActiveCfg = Debug|Any CPU
		{DA54B6DA-9818-40CA-AFC8-29A2E752EAD4}.Debug|Any CPU.Build.0 = Debug|Any CPU
		{DA54B6DA-9818-40CA-AFC8-29A2E752EAD4}.Release|Any CPU.ActiveCfg = Release|Any CPU
		{DA54B6DA-9818-40CA-AFC8-29A2E752EAD4}.Release|Any CPU.Build.0 = Release|Any CPU
	EndGlobalSection
	GlobalSection(SolutionProperties) = preSolution
		HideSolutionNode = FALSE
	EndGlobalSection
	GlobalSection(ExtensibilityGlobals) = postSolution
		SolutionGuid = {2A5B226D-D975-46CC-AA20-C7260CE7E3DE}
	EndGlobalSection
EndGlobal
